{
  "name": "grantguard",
  "version": "0.1.0",
  "lockfileVersion": 3,
  "requires": true,
  "packages": {
    "": {
      "name": "grantguard",
      "version": "0.1.0",
      "dependencies": {
        "genlayer-js": "2.0.0-rc.1",
        "next": "^15.5.25",
        "react": "^19.2.8",
        "react-dom": "^19.2.8"
      },
      "devDependencies": {
        "@types/node": "^22.0.0",
        "@types/react": "^19.0.0",
        "@types/react-dom": "^19.0.0",
        "typescript": "^5.9.0",
        "vitest": "^3.2.0"
      }
    },
    "node_modules/@adraffy/ens-normalize": {
      "version": "1.11.1",
      "resolved": "https://registry.npmjs.org/@adraffy/ens-normalize/-/ens-normalize-1.11.1.tgz",
      "integrity": "sha512-nhCBV3quEgesuf7c7KYfperqSS14T8bYuvJ8PcLJp6znkZpFc0AuW4qBtr8eKVyPPe/8RSr7sglCWPU5eaxwKQ==",
      "license": "MIT"
    },
    "node_modules/@emnapi/runtime": {
      "version": "1.11.3",
      "resolved": "https://registry.npmjs.org/@emnapi/runtime/-/runtime-1.11.3.tgz",
      "integrity": "sha512-Xz4Tpyki7XyrpbUK1jR1AhdAdaXyhhY4lZ3neLodmhpuWfy2PAQN5B46sAiU4liOXGLkHypn/qU+jvfWSCYYLA==",
      "license": "MIT",
      "optional": true,
      "dependencies": {
        "tslib": "^2.4.0"
      }
    },
    "node_modules/@esbuild/aix-ppc64": {
      "version": "0.28.2",
      "resolved": "https://registry.npmjs.org/@esbuild/aix-ppc64/-/aix-ppc64-0.28.2.tgz",
      "integrity": "sha512-XExcO+dvLKvVtNTibSTBej1NCAbaGhWn9Ww1ZPx80qsahhPFe/8jgWP0IchNe0F3HwkU7n8ejhH8bjonqht8mQ==",
      "cpu": [
        "ppc64"
      ],
      "dev": true,
      "license": "MIT",
      "optional": true,
      "os": [
        "aix"
      ],
      "engines": {
        "node": ">=18"
      }
    },
    "node_modules/@esbuild/android-arm": {
      "version": "0.28.2",
      "resolved": "https://registry.npmjs.org/@esbuild/android-arm/-/android-arm-0.28.2.tgz",
      "integrity": "sha512-kXXoiPVVGQcnIYGOeaovwOURpniDBpSq4A03qkQ+BMQqtGG6HYap3xne9C1O1yo4TR3qxlCX5IqqmX6fFo2Lqg==",
      "cpu": [
        "arm"
      ],
      "dev": true,
      "license": "MIT",
      "optional": true,
      "os": [
        "android"
      ],
      "engines": {
        "node": ">=18"
      }
    },
    "node_modules/@esbuild/android-arm64": {
      "version": "0.28.2",
      "resolved": "https://registry.npmjs.org/@esbuild/android-arm64/-/android-arm64-0.28.2.tgz",
      "integrity": "sha512-5YfKeeI8qWfBZIX+u2xZC3Zlb3Os/gLS2sbEKM+I4ZOcsWmHS2WLysCcQZDAFRslDUU5Oiq44gf6PYN1vGwG5A==",
      "cpu": [
        "arm64"
      ],
      "dev": true,
      "license": "MIT",
      "optional": true,
      "os": [
        "android"
      ],
      "engines": {
        "node": ">=18"
      }
    },
    "node_modules/@esbuild/android-x64": {
      "version": "0.28.2",
      "resolved": "https://registry.npmjs.org/@esbuild/android-x64/-/android-x64-0.28.2.tgz",
      "integrity": "sha512-O387ite7SzUyCcy3JQX4P4bLtEA7bLLkx+esve5JHnyYfNTxcVpXZo9jhdB0lTKN44gztELTdU7nS8Nr16Fs1Q==",
      "cpu": [
        "x64"
      ],
      "dev": true,
      "license": "MIT",
      "optional": true,
      "os": [
        "android"
      ],
      "engines": {
        "node": ">=18"
      }
    },
    "node_modules/@esbuild/darwin-arm64": {
      "version": "0.28.2",
      "resolved": "https://registry.npmjs.org/@esbuild/darwin-arm64/-/darwin-arm64-0.28.2.tgz",
      "integrity": "sha512-n4KqkOQrraxHJcgjM1RvwbigfQKIKJVpM7xp+KsxiyUSrRdIXnt73VhrPAx0fV44hgfmIVKjxMN9J1t5jySVkw==",
      "cpu": [
        "arm64"
      ],
      "dev": true,
      "license": "MIT",
      "optional": true,
      "os": [
        "darwin"
      ],
      "engines": {
        "node": ">=18"
      }
    },
    "node_modules/@esbuild/darwin-x64": {
      "version": "0.28.2",
      "resolved": "https://registry.npmjs.org/@esbuild/darwin-x64/-/darwin-x64-0.28.2.tgz",
      "integrity": "sha512-uq6suIWYP37qzGddBKPw5QEQPi6HiLGsO7UmkpfyaYNQ3D+rN6w6WfwH+nuqcGXWvawGwxOEroO4YGnFh95azw==",
      "cpu": [
        "x64"
      ],
      "dev": true,
      "license": "MIT",
      "optional": true,
      "os": [
        "darwin"
      ],
      "engines": {
        "node": ">=18"
      }
    },
    "node_modules/@esbuild/freebsd-arm64": {
      "version": "0.28.2",
      "resolved": "https://registry.npmjs.org/@esbuild/freebsd-arm64/-/freebsd-arm64-0.28.2.tgz",
      "integrity": "sha512-n+I0BTSRIoy+d6RPKnEVwql5UwBJolytvY4mAOIEJorKlqgPII8ix6slVVrfZ5Tnj7glIZvloylbB/EJPMWEXw==",
      "cpu": [
        "arm64"
      ],
      "dev": true,
      "license": "MIT",
      "optional": true,
      "os": [
        "freebsd"
      ],
      "engines": {
        "node": ">=18"
      }
    },
    "node_modules/@esbuild/freebsd-x64": {
      "version": "0.28.2",
      "resolved": "https://registry.npmjs.org/@esbuild/freebsd-x64/-/freebsd-x64-0.28.2.tgz",
      "integrity": "sha512-78XJTJkvPs0kz2w61301PJjXl4g7q3JqiYMZ/M/yVI73EHBrCRTgkhu9oqG7vPqq+a/yadEW8aD+agKlk5xrmg==",
      "cpu": [
        "x64"
      ],
      "dev": true,
      "license": "MIT",
      "optional": true,
      "os": [
        "freebsd"
      ],
      "engines": {
        "node": ">=18"
      }
    },
    "node_modules/@esbuild/linux-arm": {
      "version": "0.28.2",
      "resolved": "https://registry.npmjs.org/@esbuild/linux-arm/-/linux-arm-0.28.2.tgz",
      "integrity": "sha512-XlDnu2q5yoqems+xay6wSAcg9DDD7K9RLKZEBOMZm3ckNpJBvOX20tSfby8KfrrhINDyv9V2YVZKY/SpoGJI8w==",
      "cpu": [
        "arm"
      ],
      "dev": true,
      "license": "MIT",
      "optional": true,
      "os": [
        "linux"
      ],
      "engines": {
        "node": ">=18"
      }
    },
    "node_modules/@esbuild/linux-arm64": {
      "version": "0.28.2",
      "resolved": "https://registry.npmjs.org/@esbuild/linux-arm64/-/linux-arm64-0.28.2.tgz",
      "integrity": "sha512-pW4AC0P3it8c7do9MVM4p51FzHzdM9ßmù¶‰žËkºwµçV7BÖ–ç7V7B#¢%ãã2ãB ¢ÒÀ¢&Væv–æW2#¢°¢&æöFR#¢#ãÒãB ¢ÒÀ¢&gVæF–ær#¢°¢'W&Â#¢&‡GG3¢òöv—F‡V"æ6öÒ÷7öç6÷'2öÆ¦†&" ¢Ð¢ÒÀ¢&æöFUöÖöGVÆW2÷6–FRÖ6†ææVÂÖÖ#¢°¢'fW'6–öâ#¢#ãã"À¢'&W6öÇfVB#¢&‡GG3¢ò÷&Vv—7G'’æçÖ§2æ÷&r÷6–FRÖ6†ææVÂÖÖòÒ÷6–FRÖ6†ææVÂÖÖÓããçFw¢"À¢&–çFVw&—G’#¢'6†S"Õd6¤4æft×6'“7EFFó&æ&§DÒöWw&f¥†×F†VæµE–ƒ‡s—V5¢ó…6óGSDdt&V²ô&§õg4D4ÖôÄö—T$´”e…$ÓÒ"À¢&Æ–6Vç6R#¢$Ô•B"À¢&FWVæFVæ6–W2#¢°¢&6ÆÂÖ&÷VæB#¢%ããã""À¢&W2ÖW'&÷'2#¢%ãã2ã"À¢&vWBÖ–çG&–ç6–2#¢%ãã"ãR"À¢&ö&¦V7BÖ–ç7V7B#¢%ãã2ã2 ¢ÒÀ¢&Væv–æW2#¢°¢&æöFR#¢#ãÒãB ¢ÒÀ¢&gVæF–ær#¢°¢'W&Â#¢&‡GG3¢òöv—F‡V"æ6öÒ÷7öç6÷'2öÆ¦†&" ¢Ð¢ÒÀ¢&æöFUöÖöGVÆW2÷6–FRÖ6†ææVÂ×vV¶Ö#¢°¢'fW'6–öâ#¢#ãã""À¢'&W6öÇfVB#¢&‡GG3¢ò÷&Vv—7G'’æçÖ§2æ÷&r÷6–FRÖ6†ææVÂ×vV¶ÖòÒ÷6–FRÖ6†ææVÂ×vV¶ÖÓãã"çFw¢"À¢&–çFVw&—G’#¢'6†S"Õu2ô‡d…E–ä†—4Æó”Ö7$„ô¦³$f´„ò÷FÇfÆG—&æVÓFUF†“6w—F‡7vsgõ6õFÃS‡&7”d¤c&'#$³$ÓÒ"À¢&Æ–6Vç6R#¢$Ô•B"À¢&FWVæFVæ6–W2#¢°¢&6ÆÂÖ&÷VæB#¢%ããã""À¢&W2ÖW'&÷'2#¢%ãã2ã"À¢&vWBÖ–çG&–ç6–2#¢%ãã"ãR"À¢&ö&¦V7BÖ–ç7V7B#¢%ãã2ã2"À¢'6–FRÖ6†ææVÂÖÖ#¢%ããã ¢ÒÀ¢&Væv–æW2#¢°¢&æöFR#¢#ãÒãB ¢ÒÀ¢&gVæF–ær#¢°¢'W&Â#¢&‡GG3¢òöv—F‡V"æ6öÒ÷7öç6÷'2öÆ¦†&" ¢Ð¢ÒÀ¢&æöFUöÖöGVÆW2÷6–v–æfò#¢°¢'fW'6–öâ#¢#"ãã"À¢'&W6öÇfVB#¢&‡GG3¢ò÷&Vv—7G'’æçÖ§2æ÷&r÷6–v–æfòòÒ÷6–v–æfòÓ"ããçFw¢"À¢&–çFVw&—G’#¢'6†S"×–'ƒtóó†%4$ÄUu…§dVCvtÕs56ã4¤fÅs5Geƒå$V$DÅ$åæTäã…t³ÖT'uDô“uGE%%$¦âôW3¦‡'$4‡SvsÓÒ"À¢&FWb#¢G'VRÀ¢&Æ–6Vç6R#¢$•42 ¢ÒÀ¢&æöFUöÖöGVÆW2÷6÷W&6RÖÖÖ§2#¢°¢'fW'6–öâ#¢#ã"ã"À¢'&W6öÇfVB#¢&‡GG3¢ò÷&Vv—7G'’æçÖ§2æ÷&r÷6÷W&6RÖÖÖ§2òÒ÷6÷W&6RÖÖÖ§2Óã"ãçFw¢"À¢&–çFVw&—G’#¢'6†S"ÕU…tÔ¶„Ä÷ud¶#s#„•WE‡†e•R·W6G–'EW$²ó‡TtS„5×g&„÷wg¤D'v£…4ÃtÕ3wd—4•4$s…e‚´”E‡eÓÒ"À¢&Æ–6Vç6R#¢$%4BÓ2Ô6ÆW6R"À¢&Væv–æW2#¢°¢&æöFR#¢#ãÓãã ¢Ð¢ÒÀ¢&æöFUöÖöGVÆW2÷7F6¶&6²#¢°¢'fW'6–öâ#¢#ãã""À¢'&W6öÇfVB#¢&‡GG3¢ò÷&Vv—7G'’æçÖ§2æ÷&r÷7F6¶&6²òÒ÷7F6¶&6²Óãã"çFw¢"À¢&–çFVw&—G’#¢'6†S"Ó„Ô¤SVeó¤tƒe’óvV&çuô$V´”VåCEc3&CU#µe†E‡fTÓ”$Ô§C‡¦f…ƒ5…gw%–R³Ssb¶¦´çE53&Ô&'sÓÒ"À¢&FWb#¢G'VRÀ¢&Æ–6Vç6R#¢$Ô•B ¢ÒÀ¢&æöFUöÖöGVÆW2÷7FBÖVçb#¢°¢'fW'6–öâ#¢#2ãã"À¢'&W6öÇfVB#¢&‡GG3¢ò÷&Vv—7G'’æçÖ§2æ÷&r÷7FBÖVçbòÒ÷7FBÖVçbÓ2ããçFw¢"À¢&–çFVw&—G’#¢'6†S"ÓTu3$fDõ¤æÆ”ÓVÔ÷„e&st—#w£„ÖG–Ód“ee´w$u§¦Ö'¤æ4$¥ugg•vv5“u„6vc•W“ƒ”“6fÆ¶sÓÒ"À¢&FWb#¢G'VRÀ¢&Æ–6Vç6R#¢$Ô•B ¢ÒÀ¢&æöFUöÖöGVÆW2÷7F÷Ö—FW&F–öâÖ—FW&F÷"#¢°¢'fW'6–öâ#¢#ãã"À¢'&W6öÇfVB#¢&‡GG3¢ò÷&Vv—7G'’æçÖ§2æ÷&r÷7F÷Ö—FW&F–öâÖ—FW&F÷"òÒ÷7F÷Ö—FW&F–öâÖ—FW&F÷"ÓããçFw¢"À¢&–çFVw&—G’#¢'6†S"ÖTÆõ…rôD‡–Ãc'§…“E46–vå&‡T×#g&“F§TU”%3„Sg44W¤·ö”SS#V6öfG‚´¶äE¦ÃW†×du–´6³TdT÷„¤6õÓÒ"À¢&Æ–6Vç6R#¢$Ô•B"À¢&FWVæFVæ6–W2#¢°¢&W2ÖW'&÷'2#¢%ãã2ã"À¢&–çFW&æÂ×6Æ÷B#¢%ããã ¢ÒÀ¢&Væv–æW2#¢°¢&æöFR#¢#ãÒãB ¢Ð¢ÒÀ¢&æöFUöÖöGVÆW2÷7G&–ærç&÷F÷G—RçG&–Ò#¢°¢'fW'6–öâ#¢#ã"ã"À¢'&W6öÇfVB#¢&‡GG3¢ò÷&Vv—7G'’æçÖ§2æ÷&r÷7G&–ærç&÷F÷G—RçG&–ÒòÒ÷7G&–ærç&÷F÷G—RçG&–ÒÓã"ãçFw¢"À¢&–çFVw&—G’#¢'6†S"Õwd³t%R´4ÕD¤u•5E¦#U%u„”ÔÃ“&ÆgD¤Æ…£D'¦t¶—w„¦ÖÄ$C…õ†ä3'3G“†§#4Tg&´c’³CFæU3CgsÓÒ"À¢&Æ–6Vç6R#¢$Ô•B"À¢&FWVæFVæ6–W2#¢°¢&6ÆÂÖ&–æB#¢%ããã’"À¢&6ÆÂÖ&÷VæB#¢%ãããB"À¢&FVf–æRÖFF×&÷W'G’#¢%ãããB"À¢&FVf–æR×&÷W'F–W2#¢%ãã"ã"À¢&W2Ö'7G&7B#¢%ãã#Bã""À¢&W2Öö&¦V7BÖFö×2#¢%ããã""À¢&†2×&÷W'G’ÖFW67&—F÷'2#¢%ããã""À¢'6fR×&VvW‚×FW7B#¢%ããã ¢ÒÀ¢&Væv–æW2#¢°¢&æöFR#¢#ãÒãB ¢ÒÀ¢&gVæF–ær#¢°¢'W&Â#¢&‡GG3¢òöv—F‡V"æ6öÒ÷7öç6÷'2öÆ¦†&" ¢Ð¢ÒÀ¢&æöFUöÖöGVÆW2÷7G&–ærç&÷F÷G—RçG&–ÖVæB#¢°¢'fW'6–öâ#¢#ãã"À¢'&W6öÇfVB#¢&‡GG3¢ò÷&Vv—7G'’æçÖ§2æ÷&r÷7G&–ærç&÷F÷G—RçG&–ÖVæBòÒ÷7G&–ærç&÷F÷G—RçG&–ÖVæBÓããçFw¢"À¢&–çFVw&—G’#¢'6†S"Ó"³6DöÕF×Tgv¤FæÔ¤s&7DVµµf¶“wdõ7†·cC$Ö÷v£ceçgWtd5'%#VÄ6…WWƒD'6µ¦f¶UDö‡7¤D×…GsÓÒ"À¢&Æ–6Vç6R#¢$Ô•B"À¢&FWVæFVæ6–W2#¢°¢&6ÆÂÖ&–æB#¢%ããã’"À¢&6ÆÂÖ&÷VæB#¢%ãããB"À¢&FVf–æR×&÷W'F–W2#¢%ãã"ã"À¢&W2Öö&¦V7BÖFö×2#¢%ããã" ¢ÒÀ¢&Væv–æW2#¢°¢&æöFR#¢#ãÒãB ¢ÒÀ¢&gVæF–ær#¢°¢'W&Â#¢&‡GG3¢òöv—F‡V"æ6öÒ÷7öç6÷'2öÆ¦†&" ¢Ð¢ÒÀ¢&æöFUöÖöGVÆW2÷7G&–ærç&÷F÷G—RçG&–×7F'B#¢°¢'fW'6–öâ#¢#ãã‚"À¢'&W6öÇfVB#¢&‡GG3¢ò÷&Vv—7G'’æçÖ§2æ÷&r÷7G&–ærç&÷F÷G—RçG&–×7F'BòÒ÷7G&–ærç&÷F÷G—RçG&–×7F'BÓãã‚çFw¢"À¢&–çFVw&—G’#¢'6†S"ÕU…4ƒ#c$55¥“FgS4s56V7#gTtÄ4eeÖ„—†¦Æt5WD466v–…–2÷„·3–F¤ÕDÕTö#&£Õe6US„USdåv2ö•µSdvfsÓÒ"À¢&Æ–6Vç6R#¢$Ô•B"À¢&FWVæFVæ6–W2#¢°¢&6ÆÂÖ&–æB#¢%ãããr"À¢&FVf–æR×&÷W'F–W2#¢%ãã"ã"À¢&W2Öö&¦V7BÖFö×2#¢%ããã ¢ÒÀ¢&Væv–æW2#¢°¢&æöFR#¢#ãÒãB ¢ÒÀ¢&gVæF–ær#¢°¢'W&Â#¢&‡GG3¢òöv—F‡V"æ6öÒ÷7öç6÷'2öÆ¦†&" ¢Ð¢ÒÀ¢&æöFUöÖöGVÆW2÷7G&—Ö&öÒ#¢°¢'fW'6–öâ#¢#2ãã"À¢'&W6öÇfVB#¢&‡GG3¢ò÷&Vv—7G'’æçÖ§2æ÷&r÷7G&—Ö&öÒòÒ÷7G&—Ö&öÒÓ2ããçFw¢"À¢&–çFVw&—G’#¢'6†S"×fdÕ%„öt%däcfç”TVÔÃ4D$³–•'F6ô—ur·7u´6$v—SvÆ§SgB´¦¶ÄÔ‡vVõwFFwCD•5eW5„Ç”G3FFF7tÓÒ"À¢&Æ–6Vç6R#¢$Ô•B"À¢&Væv–æW2#¢°¢&æöFR#¢#ãÓB ¢Ð¢ÒÀ¢&æöFUöÖöGVÆW2÷7G&—Ö§6öâÖ6öÖÖVçG2#¢°¢'fW'6–öâ#¢#2ãã"À¢'&W6öÇfVB#¢&‡GG3¢ò÷&Vv—7G'’æçÖ§2æ÷&r÷7G&—Ö§6öâÖ6öÖÖVçG2òÒ÷7G&—Ö§6öâÖ6öÖÖVçG2Ó2ããçFw¢"À¢&–çFVw&—G’#¢'6†S"Ófe2µ#F–‡wdâö—c&ctÔƒ†ÄõgEu†÷3G”³fõ4Eefö7VÔ6d7¦µ†ç•”Ö†Ô×u2öÔT„ÇufV†ÇC7ÃfÄV–sÓÒ"À¢&Æ–6Vç6R#¢$Ô•B"À¢'VW"#¢G'VRÀ¢&Væv–æW2#¢°¢&æöFR#¢#ãÓ‚ ¢ÒÀ¢&gVæF–ær#¢°¢'W&Â#¢&‡GG3¢òöv—F‡V"æ6öÒ÷7öç6÷'2÷6–æG&W6÷&‡W2 ¢Ð¢ÒÀ¢&æöFUöÖöGVÆW2÷7G&—ÖÆ—FW&Â#¢°¢'fW'6–öâ#¢#2ãã"À¢'&W6öÇfVB#¢&‡GG3¢ò÷&Vv—7G'’æçÖ§2æ÷&r÷7G&—ÖÆ—FW&ÂòÒ÷7G&—ÖÆ—FW&ÂÓ2ããçFw¢"À¢&–çFVw&—G’#¢'6†S"Ó‡#6Ö´”Òó"µ¤†ô÷F”s…&s6¤¤Ä†cw…trµ•$w'cdewv²÷FõGG…u”õs$¶EwvÃƒ%eC'De–“TFÅ$ö×†sÓÒ"À¢&FWb#¢G'VRÀ¢&Æ–6Vç6R#¢$Ô•B"À¢&FWVæFVæ6–W2#¢°¢&§2×Fö¶Vç2#¢%ã’ãã ¢ÒÀ¢&gVæF–ær#¢°¢'W&Â#¢&‡GG3¢òöv—F‡V"æ6öÒ÷7öç6÷'2öçFgR ¢Ð¢ÒÀ¢&æöFUöÖöGVÆW2÷7G–ÆVBÖ§7‚#¢°¢'fW'6–öâ#¢#Rããb"À¢'&W6öÇfVB#¢&‡GG3¢ò÷&Vv—7G'’æçÖ§2æ÷&r÷7G–ÆVBÖ§7‚òÒ÷7G–ÆVBÖ§7‚ÓRããbçFw¢"À¢&–çFVw&—G’#¢'6†S"×5g”EFTÖ÷FGe–ô…tÄäwu$d¤„2¶’µ§fD%%–÷4ôft2µvsgƒFg$ã"õ$rôäu5—d´äÆc3•$Å5$'Sfã…•¤ÓÒ"À¢&Æ–6Vç6R#¢$Ô•B"À¢&FWVæFVæ6–W2#¢°¢&6Æ–VçBÖöæÇ’#¢#ãã ¢ÒÀ¢&Væv–æW2#¢°¢&æöFR#¢#ãÒ"ãã ¢ÒÀ¢'VW$FWVæFVæ6–W2#¢°¢'&V7B#¢#ãÒbã‚ãÇÂrç‚ç‚ÇÂã‚ããÓÇÂã’ããÓ ¢ÒÀ¢'VW$FWVæFVæ6–W4ÖWF#¢°¢$&&VÂö6÷&R#¢°¢&÷F–öæÂ#¢G'VP¢ÒÀ¢&&&VÂ×ÇVv–âÖÖ7&÷2#¢°¢&÷F–öæÂ#¢G'VP¢Ð¢Ð¢ÒÀ¢&æöFUöÖöGVÆW2÷7W÷'G2Ö6öÆ÷"#¢°¢'fW'6–öâ#¢#rã"ã"À¢'&W6öÇfVB#¢&‡GG3¢ò÷&Vv—7G'’æçÖ§2æ÷&r÷7W÷'G2Ö6öÆ÷"òÒ÷7W÷'G2Ö6öÆ÷"Órã"ãçFw¢"À¢&–çFVw&—G’#¢'6†S"×4e&Ã—7GTô‡fT·6ãt†æ4¥'gcS–4·¥Äòò´Çw†3’³'tÇ—cDFggCƒôEã'ô'4¦DF–öu„u#’´÷gu'sÓÒ"À¢&Æ–6Vç6R#¢$Ô•B"À¢'VW"#¢G'VRÀ¢&FWVæFVæ6–W2#¢°¢&†2ÖfÆr#¢%ãBãã ¢ÒÀ¢&Væv–æW2#¢°¢&æöFR#¢#ãÓ‚ ¢Ð¢ÒÀ¢&æöFUöÖöGVÆW2÷7W÷'G2×&W6W'fR×7–ÖÆ–æ·2ÖfÆr#¢°¢'fW'6–öâ#¢#ãã"À¢'&W6öÇfVB#¢&‡GG3¢ò÷&Vv—7G'’æçÖ§2æ÷&r÷7W÷'G2×&W6W'fR×7–ÖÆ–æ·2ÖfÆròÒ÷7W÷'G2×&W6W'fR×7–ÖÆ–æ·2ÖfÆrÓããçFw¢"À¢&–çFVw&—G’#¢'6†S"Ö÷Cvå…3–fvF¶t–6USe$„æ³t‚¶×Uf56¦U#5c„³#w”$#%DS5#t‡c£§”3‡3eggc„D—•vccƒÔCsÓÒ"À¢&Æ–6Vç6R#¢$Ô•B"À¢&Væv–æW2#¢°¢&æöFR#¢#ãÒãB ¢ÒÀ¢&gVæF–ær#¢°¢'W&Â#¢&‡GG3¢òöv—F‡V"æ6öÒ÷7öç6÷'2öÆ¦†&" ¢Ð¢ÒÀ¢&æöFUöÖöGVÆW2÷F–ç–&Væ6‚#¢°¢'fW'6–öâ#¢#"ã’ã"À¢'&W6öÇfVB#¢&‡GG3¢ò÷&Vv—7G'’æçÖ§2æ÷&r÷F–ç–&Væ6‚òÒ÷F–ç–&Væ6‚Ó"ã’ãçFw¢"À¢&–çFVw&—G’#¢'6†S"Ó´EWgtÕfÄÆÖ†fÇ#F´C†”Ô³‡¥cö¶ä7Ev#—c“cCFåôÔf#u3&'†÷…¥E„W''•…fuTögc%—æÆÇvVsÓÒ"À¢&FWb#¢G'VRÀ¢&Æ–6Vç6R#¢$Ô•B ¢ÒÀ¢&æöFUöÖöGVÆW2÷F–ç–W†V2#¢°¢'fW'6–öâ#¢#ã2ã""À¢'&W6öÇfVB#¢&‡GG3¢ò÷&Vv—7G'’æçÖ§2æ÷&r÷F–ç–W†V2òÒ÷F–ç–W†V2Óã2ã"çFw¢"À¢&–çFVw&—G’#¢'6†S"Ôµ#—”ãu#R´õ7v³…ö£#'t†õFÆu—ÕW65–ö¶äöõt5vf¢óRô%DÕ&“c”g$µSVfefƒU4f–·t¤’õö4„ÓÒ"À¢&FWb#¢G'VRÀ¢&Æ–6Vç6R#¢$Ô•B ¢ÒÀ¢&æöFUöÖöGVÆW2÷F–ç–vÆö&'’#¢°¢'fW'6–öâ#¢#ã"ãr"À¢'&W6öÇfVB#¢&‡GG3¢ò÷&Vv—7G'’æçÖ§2æ÷&r÷F–ç–vÆö&'’òÒ÷F–ç–vÆö&'’Óã"ãrçFw¢"À¢&–çFVw&—G’#¢'6†S"×u…"öE—7¶ÖewVE¦¦”´¤÷t4äfæDCDÖç%rö5–¥dwGDV´&efv4Äd†ôç&Æ£CvÖ¤õf–3——”çScVÇ6tcDå•F&sÓÒ"À¢&FWb#¢G'VRÀ¢&Æ–6Vç6R#¢$Ô•B"À¢&FWVæFVæ6–W2#¢°¢&fF—"#¢%ãbãRã"À¢'–6öÖF6‚#¢%ãBããB ¢ÒÀ¢&Væv–æW2#¢°¢&æöFR#¢#ãÓ"ãã ¢ÒÀ¢&gVæF–ær#¢°¢'W&Â#¢&‡GG3¢òöv—F‡V"æ6öÒ÷7öç6÷'2õ7WW&6‡WTFWb ¢Ð¢ÒÀ¢&æöFUöÖöGVÆW2÷F–ç—ööÂ#¢°¢'fW'6–öâ#¢#ãã"À¢'&W6öÇfVB#¢&‡GG3¢ò÷&Vv—7G'’æçÖ§2æ÷&r÷F–ç—ööÂòÒ÷F–ç—ööÂÓããçFw¢"À¢&–çFVw&—G’#¢'6†S"Õ¦&ƒ'3ƒt”g”•†Ö¦•ƒWU¤ô%tG$#4ô†Çµgse6GC’³Bô·WGw“„%E’÷’öõ$Öóced–#V£CGe6óU¶sÓÒ"À¢&FWb#¢G'VRÀ¢&Æ–6Vç6R#¢$Ô•B"À¢&Væv–æW2#¢°¢&æöFR#¢%ã‚ããÇÂãÓ#ãã ¢Ð¢ÒÀ¢&æöFUöÖöGVÆW2÷F–ç—&–æ&÷r#¢°¢'fW'6–öâ#¢#"ãã"À¢'&W6öÇfVB#¢&‡GG3¢ò÷&Vv—7G'’æçÖ§2æ÷&r÷F–ç—&–æ&÷ròÒ÷F–ç—&–æ&÷rÓ"ããçFw¢"À¢&–çFVw&—G’#¢'6†S"Ö÷Fç5E#Cu#gdÕUVõ–Âö¶Æ¤ÄegFÆf†´Å×dÅ#†Ö‚÷—5–³F„U…£ƒƒ&c$5–uG6·eFöS“efCVDE‡sÓÒ"À¢&FWb#¢G'VRÀ¢&Æ–6Vç6R#¢$Ô•B"À¢&Væv–æW2#¢°¢&æöFR#¢#ãÓBãã ¢Ð¢ÒÀ¢&æöFUöÖöGVÆW2÷F–ç—7’#¢°¢'fW'6–öâ#¢#Bããb"À¢'&W6öÇfVB#¢&‡GG3¢ò÷&Vv—7G'’æçÖ§2æ÷&r÷F–ç—7’òÒ÷F–ç—7’ÓBããbçFw¢"À¢&–çFVw&—G’#¢'6†S"×S„·7¥‡dveSc†…f5§$„´s#…C·$×Wc$sVäF†”†ÔÆVâöt—TdVt”¦†§Tóc—¦å†sW7&%Ôfgƒ6'$çTã†Ue6sÓÒ"À¢&FWb#¢G'VRÀ¢&Æ–6Vç6R#¢$Ô•B"À¢&Væv–æW2#¢°¢&æöFR#¢#ãÓBãã ¢Ð¢ÒÀ¢&æöFUöÖöGVÆW2÷G66öæf–r×F‡2#¢°¢'fW'6–öâ#¢#2ãRã"À¢'&W6öÇfVB#¢&‡GG3¢ò÷&Vv—7G'’æçÖ§2æ÷&r÷G66öæf–r×F‡2òÒ÷G66öæf–r×F‡2Ó2ãRãçFw¢"À¢&–çFVw&—G’#¢'6†S"Ó$3%&w¤FRö6ãC„wdöS4Ò¶óƒ'TfWtC5U'–õT„†D¶4‡t¤¶¦G3FdÅ…vbõWƒV´D$´ã#ödwR¶¦$VÇ÷3ÖsÓÒ"À¢&Æ–6Vç6R#¢$Ô•B"À¢&FWVæFVæ6–W2#¢°¢$G—W2ö§6öãR#¢%ããã#’"À¢&§6öãR#¢%ããã""À¢&Ö–æ–Ö—7B#¢%ãã"ãb"À¢'7G&—Ö&öÒ#¢%ã2ãã ¢Ð¢ÒÀ¢&æöFUöÖöGVÆW2÷G6Æ–"#¢°¢'fW'6–öâ#¢#"ã‚ã"À¢'&W6öÇfVB#¢&‡GG3¢ò÷&Vv—7G'’æçÖ§2æ÷&r÷G6Æ–"òÒ÷G6Æ–"Ó"ã‚ãçFw¢"À¢&–çFVw&—G’#¢'6†S"Öô¤gS“D…"´µfGU5UÃwvç×æfÔÇ4ôöäƒf#dTƒt4Vô³öÕU…Sf37t´Ecƒ4Ö´÷T…$‡E5„´µS“””&¥2ó'sÓÒ"À¢&Æ–6Vç6R#¢#%4B ¢ÒÀ¢&æöFUöÖöGVÆW2÷G—RÖ6†V6²#¢°¢'fW'6–öâ#¢#ãBã"À¢'&W6öÇfVB#¢&‡GG3¢ò÷&Vv—7G'’æçÖ§2æ÷&r÷G—RÖ6†V6²òÒ÷G—RÖ6†V6²ÓãBãçFw¢"À¢&–çFVw&—G’#¢'6†S"Õ†ÆUVö3—Wtu‡¥wu†UE¤×¤Ö4e£SƒS…'ggƒW#W„–6—…„•³„ÆädFu'ÅS3W3gFWFÇ6´fgR¶SD³s”ööWsÓÒ"À¢&Æ–6Vç6R#¢$Ô•B"À¢'VW"#¢G'VRÀ¢&FWVæFVæ6–W2#¢°¢'&VÇVFRÖÇ2#¢%ãã"ã ¢ÒÀ¢&Væv–æW2#¢°¢&æöFR#¢#ãÒã‚ã ¢Ð¢ÒÀ¢&æöFUöÖöGVÆW2÷G—VBÖ'&’Ö'VffW"#¢°¢'fW'6–öâ#¢#ãã2"À¢'&W6öÇfVB#¢&‡GG3¢ò÷&Vv—7G'’æçÖ§2æ÷&r÷G—VBÖ'&’Ö'VffW"òÒ÷G—VBÖ'&’Ö'VffW"Óãã2çFw¢"À¢&–çFVw&—G’#¢'6†S"Öä•—ve“7ç¥ƒ3–´d¦¥f'D³fGTvöçF5Óu4sÔC“E”Ç³STtä†¶÷„´õt×W5g74…tÆƒ•6VöVe”dwsÓÒ"À¢&Æ–6Vç6R#¢$Ô•B"À¢&FWVæFVæ6–W2#¢°¢&6ÆÂÖ&÷VæB#¢%ããã2"À¢&W2ÖW'&÷'2#¢%ãã2ã"À¢&—2×G—VBÖ'&’#¢%ãããB ¢ÒÀ¢&Væv–æW2#¢°¢&æöFR#¢#ãÒãB ¢Ð¢ÒÀ¢&æöFUöÖöGVÆW2÷G—VBÖ'&’Ö'—FRÖÆVæwF‚#¢°¢'fW'6–öâ#¢#ãã2"À¢'&W6öÇfVB#¢&‡GG3¢ò÷&Vv—7G'’æçÖ§2æ÷&r÷G—VBÖ'&’Ö'—FRÖÆVæwF‚òÒ÷G—VBÖ'&’Ö'—FRÖÆVæwF‚Óãã2çFw¢"À¢&–çFVw&—G’#¢'6†S"Ô&†t÷T—‡£†ã‡—6StFrów2´G•—'†ãGfF÷C7s”¶&ä&†5%fó7†VÕD–g–ç6U†TG$c3'‚µwfg¦Ôö¥•“–ÆsÓÒ"À¢&Æ–6Vç6R#¢$Ô•B"À¢&FWVæFVæ6–W2#¢°¢&6ÆÂÖ&–æB#¢%ããã‚"À¢&f÷"ÖV6‚#¢%ãã2ã2"À¢&v÷B#¢%ãã"ã"À¢&†2×&÷Fò#¢%ãã"ã"À¢&—2×G—VBÖ'&’#¢%ãããB ¢ÒÀ¢&Væv–æW2#¢°¢&æöFR#¢#ãÒãB ¢ÒÀ¢&gVæF–ær#¢°¢'W&Â#¢&‡GG3¢òöv—F‡V"æ6öÒ÷7öç6÷'2öÆ¦†&" ¢Ð¢ÒÀ¢&æöFUöÖöGVÆW2÷G—VBÖ'&’Ö'—FRÖöfg6WB#¢°¢'fW'6–öâ#¢#ããR"À¢'&W6öÇfVB#¢&‡GG3¢ò÷&Vv—7G'’æçÖ§2æ÷&r÷G—VBÖ'&’Ö'—FRÖöfg6WBòÒ÷G—VBÖ'&’Ö'—FRÖöfg6WBÓããRçFw¢"À¢&–çFVw&—G’#¢'6†S"Ód„§dÅ£t´§§tó6¦g4§7¦w'„'S'¤T³“UÕW£†Çc"´v¥'W…T–ä7#%&³”F×36–„ã#¤£“#•¤óC7”£“UÓÒ"À¢&Æ–6Vç6R#¢$Ô•B"À¢&FWVæFVæ6–W2#¢°¢&f–Æ&ÆR×G—VBÖ'&—2#¢%ãããr"À¢&6ÆÂÖ&–æB#¢%ããã’"À¢&f÷"ÖV6‚#¢%ãã2ãR"À¢&v÷B#¢%ãã"ã"À¢&—2×G—VBÖ'&’#¢%ãããR"À¢'&VfÆV7BævWG&÷F÷G—Vöb#¢%ããã ¢ÒÀ¢&Væv–æW2#¢°¢&æöFR#¢#ãÒãB ¢ÒÀ¢&gVæF–ær#¢°¢'W&Â#¢&‡GG3¢òöv—F‡V"æ6öÒ÷7öç6÷'2öÆ¦†&" ¢Ð¢ÒÀ¢&æöFUöÖöGVÆW2÷G—VBÖ'&’ÖÆVæwF‚#¢°¢'fW'6–öâ#¢#ãã‚"À¢'&W6öÇfVB#¢&‡GG3¢ò÷&Vv—7G'’æçÖ§2æ÷&r÷G—VBÖ'&’ÖÆVæwF‚òÒ÷G—VBÖ'&’ÖÆVæwF‚Óãã‚çFw¢"À¢&–çFVw&—G’#¢'6†S"×…t7w#"µógvæ”4S†SG¶äwR÷”f#VäCU“†&cTVV”“Tv¶Æä5””tg’ôG$U'$´…‡d†â³5W4õvt§e$ò¶sÓÒ"À¢&Æ–6Vç6R#¢$Ô•B"À¢&FWVæFVæ6–W2#¢°¢&6ÆÂÖ&–æB#¢%ããã’"À¢&f÷"ÖV6‚#¢%ãã2ãR"À¢&v÷B#¢%ãã"ã"À¢&—2×G—VBÖ'&’#¢%ãããR"À¢'÷76–&ÆR×G—VBÖ'&’ÖæÖW2#¢%ããã"À¢'&VfÆV7BævWG&÷F÷G—Vöb#¢%ããã ¢ÒÀ¢&Væv–æW2#¢°¢&æöFR#¢#ãÒãB ¢ÒÀ¢&gVæF–ær#¢°¢'W&Â#¢&‡GG3¢òöv—F‡V"æ6öÒ÷7öç6÷'2öÆ¦†&" ¢Ð¢ÒÀ¢&æöFUöÖöGVÆW2÷G—W67&—B#¢°¢'fW'6–öâ#¢#Rã’ã2"À¢'&W6öÇfVB#¢&‡GG3¢ò÷&Vv—7G'’æçÖ§2æ÷&r÷G—W67&—BòÒ÷G—W67&—BÓRã’ã2çFw¢"À¢&–çFVw&—G’#¢'6†S"Ö¦Ãe§¥F–äÇ#–UWC4¢÷CucdftäWs•§d%G—7£”¶eDCCe$3%“GdµF–WeCF%†Æ#$†„Ç‡wFÓdÓUFu7sÓÒ"À¢&FWd÷F–öæÂ#¢G'VRÀ¢&Æ–6Vç6R#¢$6†RÓ"ã"À¢&&–â#¢°¢'G62#¢&&–â÷G62"À¢'G76W'fW"#¢&&–â÷G76W'fW" ¢ÒÀ¢&Væv–æW2#¢°¢&æöFR#¢#ãÓBãr ¢Ð¢ÒÀ¢&æöFUöÖöGVÆW2÷G—W67&—B×'6V2#¢°¢'fW'6–öâ#¢#ã2ãB"À¢'&W6öÇfVB#¢&‡GG3¢ò÷&Vv—7G'’æçÖ§2æ÷&r÷G—W67&—B×'6V2òÒ÷G—W67&—B×'6V2Óã2ãBçFw¢"À¢&–çFVw&—G’#¢'6†S"Óe$CG„÷‡#d%E¤Æ÷æ'C&”W'æ…¥¥v#VÓTcrõWtv†ÆDwdô´öÃC£6g‡4gF$äÂµ&tÖ¤æf#d—d¤2÷U•ÓÒ"À¢&Æ–6Vç6R#¢$Ô•B ¢ÒÀ¢&æöFUöÖöGVÆW2÷Væ&÷‚×&–Ö—F—fR#¢°¢'fW'6–öâ#¢#ãã"À¢'&W6öÇfVB#¢&‡GG3¢ò÷&Vv—7G'’æçÖ§2æ÷&r÷Væ&÷‚×&–Ö—F—fRòÒ÷Væ&÷‚×&–Ö—F—fRÓããçFw¢"À¢&–çFVw&—G’#¢'6†S"Öåt£“F¦Tö¶V¢õD‡…6×—'T·´U–wgs–Ç£Dõ†¢ôåtdæÇU—&¦'£–£4£‡”µC&sF¤fôö´”ä5Es$“TÄTW—sÓÒ"À¢&Æ–6Vç6R#¢$Ô•B"À¢&FWVæFVæ6–W2#¢°¢&6ÆÂÖ&÷VæB#¢%ããã2"À¢&†2Ö&–v–çG2#¢%ããã""À¢&†2×7–Ö&öÇ2#¢%ããã"À¢'v†–6‚Ö&÷†VB×&–Ö—F—fR#¢%ããã ¢ÒÀ¢&Væv–æW2#¢°¢&æöFR#¢#ãÒãB ¢ÒÀ¢&gVæF–ær#¢°¢'W&Â#¢&‡GG3¢òöv—F‡V"æ6öÒ÷7öç6÷'2öÆ¦†&" ¢Ð¢ÒÀ¢&æöFUöÖöGVÆW2÷VæF–6’×G—W2#¢°¢'fW'6–öâ#¢#bã#ã"À¢'&W6öÇfVB#¢&‡GG3¢ò÷&Vv—7G'’æçÖ§2æ÷&r÷VæF–6’×G—W2òÒ÷VæF–6’×G—W2Óbã#ãçFw¢"À¢&–çFVw&—G’#¢'6†S"Ö—tE§sw&s•&cTƒFãÓcF36Öµ#S–4£gu³t3Fä“w6ÔW†VF”ÄäóCFUCDD$'v¦%F”uÖÇC$ÖCC”ƒ”¥ÓÒ"À¢&FWb#¢G'VRÀ¢&Æ–6Vç6R#¢$Ô•B ¢ÒÀ¢&æöFUöÖöGVÆW2÷W&’Ö§2#¢°¢'fW'6–öâ#¢#BãBã"À¢'&W6öÇfVB#¢&‡GG3¢ò÷&Vv—7G'’æçÖ§2æ÷&r÷W&’Ö§2òÒ÷W&’Ö§2ÓBãBãçFw¢"À¢&–çFVw&—G’#¢'6†S"Ów$µW—“35–3“‡DÔÇGuƒ”cuD–evÅs–Fó…vÃ–“6T†–VVƒ„†eTÃ&dÕ„³g£3†V4·3–g$7TÄ§fæD&sÓÒ"À¢&Æ–6Vç6R#¢$%4BÓ"Ô6ÆW6R"À¢'VW"#¢G'VRÀ¢&FWVæFVæ6–W2#¢°¢'Vç–6öFR#¢%ã"ãã ¢Ð¢ÒÀ¢&æöFUöÖöGVÆW2÷f–VÒ#¢°¢'fW'6–öâ#¢#"ãSbã’"À¢'&W6öÇfVB#¢&‡GG3¢ò÷&Vv—7G'’æçÖ§2æ÷&r÷f–VÒòÒ÷f–VÒÓ"ãSbã’çFw¢"À¢&–çFVw&—G’#¢'6†S"ÕT3s¢µ&%·vÃg•''6DƒfÇG$öÕV4d¤ÕF4÷”SÖsäóVÇ‡$T%Dôæ‚ó„ôeuäÄwTâôótÆ´æ7¢ô—56£ƒ57gsÓÒ"À¢&gVæF–ær#¢°¢°¢'G—R#¢&v—F‡V""À¢'W&Â#¢&‡GG3¢òöv—F‡V"æ6öÒ÷7öç6÷'2÷vWfÒ ¢Ð¢ÒÀ¢&Æ–6Vç6R#¢$Ô•B"À¢&FWVæFVæ6–W2#¢°¢$æö&ÆRö7W'fW2#¢#ã’ã"À¢$æö&ÆRö†6†W2#¢#ã‚ã"À¢$67W&Rö&—3"#¢#ãrã"À¢$67W&Rö&—3’#¢#ãbã"À¢&&—G—R#¢#ã"ã2"À¢&—6÷w2#¢#ããr"À¢&÷‚#¢#ãBãCR"À¢'w2#¢#‚ã#ã ¢ÒÀ¢'VW$FWVæFVæ6–W2#¢°¢'G—W67&—B#¢#ãÓRããB ¢ÒÀ¢'VW$FWVæFVæ6–W4ÖWF#¢°¢'G—W67&—B#¢°¢&÷F–öæÂ#¢G'VP¢Ð¢Ð¢ÒÀ¢&æöFUöÖöGVÆW2÷f—FR#¢°¢'fW'6–öâ#¢#rã2ãb"À¢'&W6öÇfVB#¢&‡GG3¢ò÷&Vv—7G'’æçÖ§2æ÷&r÷f—FRòÒ÷f—FRÓrã2ãbçFw¢"À¢&–çFVw&—G’#¢'6†S"ÓE…c7$v¥5¤fc”‚¶D¤–´³'¦äÃ7¥fÃ”¶´õc”Ö¶µ%"ó4FÇ3G†'5FÆôV3T$Å…uÃ—g4÷†÷‡”¶ôÖÔGVVsÓÒ"À¢&FWb#¢G'VRÀ¢&Æ–6Vç6R#¢$Ô•B"À¢&FWVæFVæ6–W2#¢°¢&W6'V–ÆB#¢%ãã#rãÇÂãã#‚ã"À¢&fF—"#¢%ãbãRã"À¢'–6öÖF6‚#¢%ãBãã2"À¢'÷7F772#¢%ã‚ãRãb"À¢'&öÆÇW#¢%ãBãC2ã"À¢'F–ç–vÆö&'’#¢%ãã"ãR ¢ÒÀ¢&&–â#¢°¢'f—FR#¢&&–â÷f—FRæ§2 ¢ÒÀ¢&Væv–æW2#¢°¢&æöFR#¢%ã#ã’ãÇÂãÓ#"ã"ã ¢ÒÀ¢&gVæF–ær#¢°¢'W&Â#¢&‡GG3¢òöv—F‡V"æ6öÒ÷f—FV§2÷f—FS÷7öç6÷#Ó ¢ÒÀ¢&÷F–öæÄFWVæFVæ6–W2#¢°¢&g6WfVçG2#¢'ã"ã2ã2 ¢ÒÀ¢'VW$FWVæFVæ6–W2#¢°¢$G—W2öæöFR#¢%ã#ã’ãÇÂãÓ#"ã"ã"À¢&¦—F’#¢#ãÓã#ã"À¢&ÆW72#¢%ãBãã"À¢&Æ–v‡Fæ–æv772#¢%ãã#ã"À¢'672#¢%ããsã"À¢'672ÖVÖ&VFFVB#¢%ããsã"À¢'7G–ÇW2#¢#ãÓãSBã‚"À¢'7Vv'72#¢%ãRãã"À¢'FW'6W"#¢%ãRãbã"À¢'G7‚#¢%ãBã‚ã"À¢'–ÖÂ#¢%ã"ãBã" ¢ÒÀ¢'VW$FWVæFVæ6–W4ÖWF#¢°¢$G—W2öæöFR#¢°¢&÷F–öæÂ#¢G'VP¢ÒÀ¢&¦—F’#¢°¢&÷F–öæÂ#¢G'VP¢ÒÀ¢&ÆW72#¢°¢&÷F–öæÂ#¢G'VP¢ÒÀ¢&Æ–v‡Fæ–æv772#¢°¢&÷F–öæÂ#¢G'VP¢ÒÀ¢'672#¢°¢&÷F–öæÂ#¢G'VP¢ÒÀ¢'672ÖVÖ&VFFVB#¢°¢&÷F–öæÂ#¢G'VP¢ÒÀ¢'7G–ÇW2#¢°¢&÷F–öæÂ#¢G'VP¢ÒÀ¢'7Vv'72#¢°¢&÷F–öæÂ#¢G'VP¢ÒÀ¢'FW'6W"#¢°¢&÷F–öæÂ#¢G'VP¢ÒÀ¢'G7‚#¢°¢&÷F–öæÂ#¢G'VP¢ÒÀ¢'–ÖÂ#¢°¢&÷F–öæÂ#¢G'VP¢Ð¢Ð¢ÒÀ¢&æöFUöÖöGVÆW2÷f—FRÖæöFR#¢°¢'fW'6–öâ#¢#2ã"ãB"À¢'&W6öÇfVB#¢&‡GG3¢ò÷&Vv—7G'’æçÖ§2æ÷&r÷f—FRÖæöFRòÒ÷f—FRÖæöFRÓ2ã"ãBçFw¢"À¢&–çFVw&—G’#¢'6†S"ÔV$µ4¶‚¶&ƒS”g†TósãFGfôõGCTF•„ÖB÷â²·#“‚¶¥ó‡D¦–Çe†ÆFWU†v””#T–·¤6tÖÆT„ÔäW4tƒgsÓÒ"À¢&FWb#¢G'VRÀ¢&Æ–6Vç6R#¢$Ô•B"À¢&FWVæFVæ6–W2#¢°¢&62#¢%ãbãrãB"À¢&FV'Vr#¢%ãBãBã"À¢&W2ÖÖöGVÆRÖÆW†W"#¢%ããrã"À¢'F†R#¢%ã"ãã2"À¢'f—FR#¢%ãRããÇÂãbããÇÂãrããÓ ¢ÒÀ¢&&–â#¢°¢'f—FRÖæöFR#¢'f—FRÖæöFRæÖ§2 ¢ÒÀ¢&Væv–æW2#¢°¢&æöFR#¢%ã‚ããÇÂã#ããÇÂãÓ#"ãã ¢ÒÀ¢&gVæF–ær#¢°¢'W&Â#¢&‡GG3¢òö÷Væ6öÆÆV7F—fRæ6öÒ÷f—FW7B ¢Ð¢ÒÀ¢&æöFUöÖöGVÆW2÷f—FRöæöFUöÖöGVÆW2÷÷7F772#¢°¢'fW'6–öâ#¢#‚ãRã#‚"À¢'&W6öÇfVB#¢&‡GG3¢ò÷&Vv—7G'’æçÖ§2æ÷&r÷÷7F772òÒ÷÷7F772Ó‚ãRã#‚çFw¢"À¢&–çFVw&—G’#¢'6†S"Õ%'W§GGCU“–ƒ7W£V…v„²µEç6Õg3ewu5SdÆ´¤ÖU“D‡7ETTGU•Ds…T¥6FtÕ'¦×¤Eb´´Vôs„ã5s'Ç“WdÒôÓÒ"À¢&FWb#¢G'VRÀ¢&gVæF–ær#¢°¢°¢'G—R#¢&÷Væ6öÆÆV7F—fR"À¢'W&Â#¢&‡GG3¢òö÷Væ6öÆÆV7F—fRæ6öÒ÷÷7F772ò ¢ÒÀ¢°¢'G—R#¢'F–FVÆ–gB"À¢'W&Â#¢&‡GG3¢ò÷F–FVÆ–gBæ6öÒögVæF–æröv—F‡V"öçÒ÷÷7F772 ¢ÒÀ¢°¢'G—R#¢&v—F‡V""À¢'W&Â#¢&‡GG3¢òöv—F‡V"æ6öÒ÷7öç6÷'2ö’ ¢Ð¢ÒÀ¢&Æ–6Vç6R#¢$Ô•B"À¢&FWVæFVæ6–W2#¢°¢&ææö–B#¢%ã2ã2ã‚"À¢'–6ö6öÆ÷'2#¢%ããã"À¢'6÷W&6RÖÖÖ§2#¢%ãã"ã ¢ÒÀ¢&Væv–æW2#¢°¢&æöFR#¢%ãÇÂã"ÇÂãÓB ¢Ð¢ÒÀ¢&æöFUöÖöGVÆW2÷f—FW7B#¢°¢'fW'6–öâ#¢#2ã"ãr"À¢'&W6öÇfVB#¢&‡GG3¢ò÷&Vv—7G'’æçÖ§2æ÷&r÷f—FW7BòÒ÷f—FW7BÓ2ã"ãrçFw¢"À¢&–çFVw&—G’#¢'6†S"Ô·'„”£c$fCƒ–vg—5#Ev÷FÆu¤&—£&Geww¥ƒw2´7w7ÄföÕ$ƒsssu¦7$ôCbµudƒv¶…C´$¶'4¤g&DVsÓÒ"À¢&FWb#¢G'VRÀ¢&Æ–6Vç6R#¢$Ô•B"À¢&FWVæFVæ6–W2#¢°¢$G—W2ö6†’#¢%ãRã"ã""À¢$f—FW7BöW‡V7B#¢#2ã"ãr"À¢$f—FW7BöÖö6¶W"#¢#2ã"ãr"À¢$f—FW7B÷&WGG’Öf÷&ÖB#¢%ã2ã"ãr"À¢$f—FW7B÷'VææW"#¢#2ã"ãr"À¢$f—FW7B÷6æ6†÷B#¢#2ã"ãr"À¢$f—FW7B÷7’#¢#2ã"ãr"À¢$f—FW7B÷WF–Ç2#¢#2ã"ãr"À¢&6†’#¢%ãRã"ã"À¢&FV'Vr#¢%ãBãBã"À¢&W‡V7B×G—R#¢%ãã"ã"À¢&Öv–2×7G&–ær#¢%ãã3ãr"À¢'F†R#¢%ã"ãã2"À¢'–6öÖF6‚#¢%ãBãã""À¢'7FBÖVçb#¢%ã2ã’ã"À¢'F–ç–&Væ6‚#¢%ã"ã’ã"À¢'F–ç–W†V2#¢%ãã2ã""À¢'F–ç–vÆö&'’#¢%ãã"ãB"À¢'F–ç—ööÂ#¢%ããã"À¢'F–ç—&–æ&÷r#¢%ã"ãã"À¢'f—FR#¢%ãRããÇÂãbããÇÂãrããÓ"À¢'f—FRÖæöFR#¢#2ã"ãB"À¢'v‡’Ö—2ÖæöFR×'Vææ–ær#¢%ã"ã2ã ¢ÒÀ¢&&–â#¢°¢'f—FW7B#¢'f—FW7BæÖ§2 ¢ÒÀ¢&Væv–æW2#¢°¢&æöFR#¢%ã‚ããÇÂã#ããÇÂãÓ#"ãã ¢ÒÀ¢&gVæF–ær#¢°¢'W&Â#¢&‡GG3¢òö÷Væ6öÆÆV7F—fRæ6öÒ÷f—FW7B ¢ÒÀ¢'VW$FWVæFVæ6–W2#¢°¢$VFvR×'VçF–ÖR÷fÒ#¢"¢"À¢$G—W2öFV'Vr#¢%ãBãã""À¢$G—W2öæöFR#¢%ã‚ããÇÂã#ããÇÂãÓ#"ãã"À¢$f—FW7Bö'&÷w6W"#¢#2ã"ãr"À¢$f—FW7B÷V’#¢#2ã"ãr"À¢&†’ÖFöÒ#¢"¢"À¢&§6FöÒ#¢"¢ ¢ÒÀ¢'VW$FWVæFVæ6–W4ÖWF#¢°¢$VFvR×'VçF–ÖR÷fÒ#¢°¢&÷F–öæÂ#¢G'VP¢ÒÀ¢$G—W2öFV'Vr#¢°¢&÷F–öæÂ#¢G'VP¢ÒÀ¢$G—W2öæöFR#¢°¢&÷F–öæÂ#¢G'VP¢ÒÀ¢$f—FW7Bö'&÷w6W"#¢°¢&÷F–öæÂ#¢G'VP¢ÒÀ¢$f—FW7B÷V’#¢°¢&÷F–öæÂ#¢G'VP¢ÒÀ¢&†’ÖFöÒ#¢°¢&÷F–öæÂ#¢G'VP¢ÒÀ¢&§6FöÒ#¢°¢&÷F–öæÂ#¢G'VP¢Ð¢Ð¢ÒÀ¢&æöFUöÖöGVÆW2÷v†–6‚#¢°¢'fW'6–öâ#¢#"ãã""À¢'&W6öÇfVB#¢&‡GG3¢ò÷&Vv—7G'’æçÖ§2æ÷&r÷v†–6‚òÒ÷v†–6‚Ó"ãã"çFw¢"À¢&–çFVw&—G’#¢'6†S"Ô$Ä“5FÃEs5fÃsÃ7—5“cF’¶wu‡4t%•v¶·×Fæ%†w$ÔB·–£w&…s·TTG‡¤¦•„v¤UsVöv´äÔT´äÖ¦–$ÓÒ"À¢&Æ–6Vç6R#¢$•42"À¢'VW"#¢G'VRÀ¢&FWVæFVæ6–W2#¢°¢&—6W†R#¢%ã"ãã ¢ÒÀ¢&&–â#¢°¢&æöFR×v†–6‚#¢&&–âöæöFR×v†–6‚ ¢ÒÀ¢&Væv–æW2#¢°¢&æöFR#¢#ãÒ‚ ¢Ð¢ÒÀ¢&æöFUöÖöGVÆW2÷v†–6‚Ö&÷†VB×&–Ö—F—fR#¢°¢'fW'6–öâ#¢#ãã"À¢'&W6öÇfVB#¢&‡GG3¢ò÷&Vv—7G'’æçÖ§2æ÷&r÷v†–6‚Ö&÷†VB×&–Ö—F—fRòÒ÷v†–6‚Ö&÷†VB×&–Ö—F—fRÓããçFw¢"À¢&–çFVw&—G’#¢'6†S"ÕF%ƒ6Ö£†ãöD4$efÅ“„†·4„7s4Ãc¤—Tc†¤es†£43%–†Ôwg$„'¥E$ƒ"÷‡—Vç$£–s¥7–¤6§õw¤”ÓÒ"À¢&Æ–6Vç6R#¢$Ô•B"À¢&FWVæFVæ6–W2#¢°¢&—2Ö&–v–çB#¢%ããã"À¢&—2Ö&ööÆVâÖö&¦V7B#¢%ãã"ã"À¢&—2ÖçVÖ&W"Öö&¦V7B#¢%ããã"À¢&—2×7G&–ær#¢%ããã"À¢&—2×7–Ö&öÂ#¢%ããã ¢ÒÀ¢&Væv–æW2#¢°¢&æöFR#¢#ãÒãB ¢ÒÀ¢&gVæF–ær#¢°¢'W&Â#¢&‡GG3¢òöv—F‡V"æ6öÒ÷7öç6÷'2öÆ¦†&" ¢Ð¢ÒÀ¢&æöFUöÖöGVÆW2÷v†–6‚Ö'V–ÇF–â×G—R#¢°¢'fW'6–öâ#¢#ã"ã"À¢'&W6öÇfVB#¢&‡GG3¢ò÷&Vv—7G'’æçÖ§2æ÷&r÷v†–6‚Ö'V–ÇF–â×G—RòÒ÷v†–6‚Ö'V–ÇF–â×G—RÓã"ãçFw¢"À¢&–çFVw&—G’#¢'6†S"Óf”&7¦õ‚¶´Ev2µ”¤&æƒ5B´µ¥'„Òö•”å†–7³cbõfÓ#“6—R·”ô–Ö¶s¤†&£TÄäö4çcDTF•£†3D#GeÓÒ"À¢&Æ–6Vç6R#¢$Ô•B"À¢&FWVæFVæ6–W2#¢°¢&6ÆÂÖ&÷VæB#¢%ããã""À¢&gVæ7F–öâç&÷F÷G—RææÖR#¢%ãããb"À¢&†2×F÷7G&–æwFr#¢%ããã""À¢&—2Ö7–æ2ÖgVæ7F–öâ#¢%ã"ãã"À¢&—2ÖFFRÖö&¦V7B#¢%ããã"À¢&—2Öf–æÆ—¦F–öç&Vv—7G'’#¢%ããã"À¢&—2ÖvVæW&F÷"ÖgVæ7F–öâ#¢%ããã"À¢&—2×&VvW‚#¢%ãã"ã"À¢&—2×vV·&Vb#¢%ããã""À¢&—6'&’#¢%ã"ããR"À¢'v†–6‚Ö&÷†VB×&–Ö—F—fR#¢%ããã"À¢'v†–6‚Ö6öÆÆV7F–öâ#¢%ããã""À¢'v†–6‚×G—VBÖ'&’#¢%ãããb ¢ÒÀ¢&Væv–æW2#¢°¢&æöFR#¢#ãÒãB ¢ÒÀ¢&gVæF–ær#¢°¢'W&Â#¢&‡GG3¢òöv—F‡V"æ6öÒ÷7öç6÷'2öÆ¦†&" ¢Ð¢ÒÀ¢&æöFUöÖöGVÆW2÷v†–6‚Ö6öÆÆV7F–öâ#¢°¢'fW'6–öâ#¢#ãã""À¢'&W6öÇfVB#¢&‡GG3¢ò÷&Vv—7G'’æçÖ§2æ÷&r÷v†–6‚Ö6öÆÆV7F–öâòÒ÷v†–6‚Ö6öÆÆV7F–öâÓãã"çFw¢"À¢&–çFVw&—G’#¢'6†S"Ô³F¥g–¦ä&Fwf3ƒe“d&¶Å¤Tã“357u”÷T$f¶FÔ'S•¦f¶4&Ef'•FäFÖ§e¢ö¥%…'cTUµFäC33”v–—&æt7sÓÒ"À¢&Æ–6Vç6R#¢$Ô•B"À¢&FWVæFVæ6–W2#¢°¢&—2ÖÖ#¢%ã"ãã2"À¢&—2×6WB#¢%ã"ãã2"À¢&—2×vV¶Ö#¢%ã"ãã""À¢&—2×vV·6WB#¢%ã"ãã2 ¢ÒÀ¢&Væv–æW2#¢°¢&æöFR#¢#ãÒãB ¢ÒÀ¢&gVæF–ær#¢°¢'W&Â#¢&‡GG3¢òöv—F‡V"æ6öÒ÷7öç6÷'2öÆ¦†&" ¢Ð¢ÒÀ¢&æöFUöÖöGVÆW2÷v†–6‚×G—VBÖ'&’#¢°¢'fW'6–öâ#¢#ãã#B"À¢'&W6öÇfVB#¢&‡GG3¢ò÷&Vv—7G'’æçÖ§2æ÷&r÷v†–6‚×G—VBÖ'&’òÒ÷v†–6‚×G—VBÖ'&’Óãã#BçFw¢"À¢&–çFVw&—G’#¢'6†S"×v³DÖcG#VÕ%vU—WUD$4•–CVC$gc&¥$Åfvå&¦$÷„d†Ö¤´efÆuG—Ed·¤¤¥3†¦å•c$GS5£†£f"ôUUÓÒ"À¢&Æ–6Vç6R#¢$Ô•B"À¢&FWVæFVæ6–W2#¢°¢&f–Æ&ÆR×G—VBÖ'&—2#¢%ãããr"À¢&6ÆÂÖ&–æB#¢%ããã’"À¢&6ÆÂÖ&÷VæB#¢%ãããB"À¢&f÷"ÖV6‚#¢%ãã2ãR"À¢&vWB×&÷Fò#¢%ããã"À¢&v÷B#¢%ãã"ã"À¢&†2×F÷7G&–æwFr#¢%ããã" ¢ÒÀ¢&Væv–æW2#¢°¢&æöFR#¢#ãÒãB ¢ÒÀ¢&gVæF–ær#¢°¢'W&Â#¢&‡GG3¢òöv—F‡V"æ6öÒ÷7öç6÷'2öÆ¦†&" ¢Ð¢ÒÀ¢&æöFUöÖöGVÆW2÷v‡’Ö—2ÖæöFR×'Vææ–ær#¢°¢'fW'6–öâ#¢#"ã2ã"À¢'&W6öÇfVB#¢&‡GG3¢ò÷&Vv—7G'’æçÖ§2æ÷&r÷v‡’Ö—2ÖæöFR×'Vææ–æròÒ÷v‡’Ö—2ÖæöFR×'Vææ–ærÓ"ã2ãçFw¢"À¢&–çFVw&—G’#¢'6†S"Ö…W&Öt&EdF7‡e—ç–ƒ—§Vä·¥$õv¦%¥F”ç“†D$V¦µ3vV„TE–%„£u‡fÆ×F'wUF6ÅV”—”â´7•…CEfÖ¶ó†dæÓ‡sÓÒ"À¢&FWb#¢G'VRÀ¢&Æ–6Vç6R#¢$Ô•B"À¢&FWVæFVæ6–W2#¢°¢'6–v–æfò#¢%ã"ãã"À¢'7F6¶&6²#¢#ãã" ¢ÒÀ¢&&–â#¢°¢'v‡’Ö—2ÖæöFR×'Vææ–ær#¢&6Æ’æ§2 ¢ÒÀ¢&Væv–æW2#¢°¢&æöFR#¢#ãÓ‚ ¢Ð¢ÒÀ¢&æöFUöÖöGVÆW2÷v÷&B×w&#¢°¢'fW'6–öâ#¢#ã"ãR"À¢'&W6öÇfVB#¢&‡GG3¢ò÷&Vv—7G'’æçÖ§2æ÷&r÷v÷&B×w&òÒ÷v÷&B×w&Óã"ãRçFw¢"À¢&–çFVw&—G’#¢'6†S"Ô$ã#$#VVÔÔ“•T×F§$vCVsVT5•5EW“d¥†%—6CW¥—†¤dö6µ3S55DS7vµfõw……f#4'%–4TãEGvST#V4ÓÒ"À¢&Æ–6Vç6R#¢$Ô•B"À¢'VW"#¢G'VRÀ¢&Væv–æW2#¢°¢&æöFR#¢#ãÓãã ¢Ð¢ÒÀ¢&æöFUöÖöGVÆW2÷w2#¢°¢'fW'6–öâ#¢#‚ã#ã"À¢'&W6öÇfVB#¢&‡GG3¢ò÷&Vv—7G'’æçÖ§2æ÷&r÷w2òÒ÷w2Ó‚ã#ãçFw¢"À¢&–çFVw&—G’#¢'6†S"Õg7#†#tE&6–Ôeg'S%vV³7£•—„D5w…”#…6æ²õ3E&f5¥u”$çUf¤¥c66CeV”·EWGg4äÓsvuwg¦44‚¶sÓÒ"À¢&Æ–6Vç6R#¢$Ô•B"À¢&Væv–æW2#¢°¢&æöFR#¢#ãÓãã ¢ÒÀ¢'VW$FWVæFVæ6–W2#¢°¢&'VffW'WF–Â#¢%ãBãã"À¢'WFbÓ‚×fÆ–FFR#¢#ãÓRãã" ¢ÒÀ¢'VW$FWVæFVæ6–W4ÖWF#¢°¢&'VffW'WF–Â#¢°¢&÷F–öæÂ#¢G'VP¢ÒÀ¢'WFbÓ‚×fÆ–FFR#¢°¢&÷F–öæÂ#¢G'VP¢Ð¢Ð¢ÒÀ¢&æöFUöÖöGVÆW2÷–ö7Fò×VWVR#¢°¢'fW'6–öâ#¢#ãã"À¢'&W6öÇfVB#¢&‡GG3¢ò÷&Vv—7G'’æçÖ§2æ÷&r÷–ö7Fò×VWVRòÒ÷–ö7Fò×VWVRÓããçFw¢"À¢&–çFVw&—G’#¢'6†S"×%f·7g6ää6D¢öö„v3g†uw”ã†V†T7‡6”ÄÓ†×‡TR÷BöÔõg¦WuTóÖ”ÇD…•&uD´4ÆW„ÃDÖTefwG3t†Ôå£%ÓÒ"À¢&Æ–6Vç6R#¢$Ô•B"À¢'VW"#¢G'VRÀ¢&Væv–æW2#¢°¢&æöFR#¢#ãÓ ¢ÒÀ¢&gVæF–ær#¢°¢'W&Â#¢&‡GG3¢òöv—F‡V"æ6öÒ÷7öç6÷'2÷6–æG&W6÷&‡W2 ¢Ð¢Ð¢Ð§Ð 